Microsoft Visual Studio Solution File, Format Version 12.00
# Visual Studio 15
Project("{8BC9CEB8-8B4A-11D0-8D11-00A0C91BC942}") = "ALL_BUILD", "ALL_BUILD.vcxproj", "{238D6325-0B28-3AE0-9429-5D14AD4E27D5}"
	ProjectSection(ProjectDependencies) = postProject
		{63F3DAF9-E985-33C2-892F-13D0FAF107C4} = {63F3DAF9-E985-33C2-892F-13D0FAF107C4}
		{E37C1E1E-98BA-3200-85F9-E64AA2DB0C70} = {E37C1E1E-98BA-3200-85F9-E64AA2DB0C70}
		{AFD82F04-8EF8-391C-9A1D-D2C06ABA6A48} = {AFD82F04-8EF8-391C-9A1D-D2C06ABA6A48}
		{AE02E207-C9B1-3083-939E-CFB3D905EF59} = {AE02E207-C9B1-3083-939E-CFB3D905EF59}
		{CB9FAC68-F837-3C08-9042-32DCBA50EFEC} = {CB9FAC68-F837-3C08-9042-32DCBA50EFEC}
		{E6BEC0DC-0B41-3606-B2C6-405188BEE6A0} = {E6BEC0DC-0B41-3606-B2C6-405188BEE6A0}
		{075E11E5-A07C-30BA-A3BB-59790D716FBF} = {075E11E5-A07C-30BA-A3BB-59790D716FBF}
		{A902AB9C-33DF-34AA-9926-EAC8239B4D6B} = {A902AB9C-33DF-34AA-9926-EAC8239B4D6B}
		{F86C3A09-320B-3902-9681-0C9277BC39BD} = {F86C3A09-320B-3902-9681-0C9277BC39BD}
		{9B67D85F-54A0-3BD7-8251-0DC1DDB86C97} = {9B67D85F-54A0-3BD7-8251-0DC1DDB86C97}
		{38805493-2594-3E34-A601-3D214C4480D4} = {38805493-2594-3E34-A601-3D214C4480D4}
	EndProjectSection
EndProject
Project("{8BC9CEB8-8B4A-11D0-8D11-00A0C91BC942}") = "CopyIlmBaseLibs", "CopyIlmBaseLibs.vcxproj", "{A8EBBA9E-59FF-3354-BD44-8877B8B1D7A7}"
	ProjectSection(ProjectDependencies) = postProject
		{63F3DAF9-E985-33C2-892F-13D0FAF107C4} = {63F3DAF9-E985-33C2-892F-13D0FAF107C4}
		{E37C1E1E-98BA-3200-85F9-E64AA2DB0C70} = {E37C1E1E-98BA-3200-85F9-E64AA2DB0C70}
		{CB9FAC68-F837-3C08-9042-32DCBA50EFEC} = {CB9FAC68-F837-3C08-9042-32DCBA50EFEC}
		{E6BEC0DC-0B41-3606-B2C6-405188BEE6A0} = {E6BEC0DC-0B41-3606-B2C6-405188BEE6A0}
		{075E11E5-A07C-30BA-A3BB-59790D716FBF} = {075E11E5-A07C-30BA-A3BB-59790D716FBF}
	EndProjectSection
EndProject
Project("{8BC9CEB8-8B4A-11D0-8D11-00A0C91BC942}") = "Half", "IlmBase\Half\Half.vcxproj", "{63F3DAF9-E985-33C2-892F-13D0FAF107C4}"
	ProjectSection(ProjectDependencies) = postProject
		{075E11E5-A07C-30BA-A3BB-59790D716FBF} = {075E11E5-A07C-30BA-A3BB-59790D716FBF}
		{9B67D85F-54A0-3BD7-8251-0DC1DDB86C97} = {9B67D85F-54A0-3BD7-8251-0DC1DDB86C97}
		{38805493-2594-3E34-A601-3D214C4480D4} = {38805493-2594-3E34-A601-3D214C4480D4}
	EndProjectSection
EndProject
Project("{8BC9CEB8-8B4A-11D0-8D11-00A0C91BC942}") = "INSTALL", "INSTALL.vcxproj", "{AEA23653-140D-3CAD-AD1D-6981E5EBA55C}"
	ProjectSection(ProjectDependencies) = postProject
		{238D6325-0B28-3AE0-9429-5D14AD4E27D5} = {238D6325-0B28-3AE0-9429-5D14AD4E27D5}
		{075E11E5-A07C-30BA-A3BB-59790D716FBF} = {075E11E5-A07C-30BA-A3BB-59790D716FBF}
	EndProjectSection
EndProject
Project("{8BC9CEB8-8B4A-11D0-8D11-00A0C91BC942}") = "Iex", "IlmBase\Iex\Iex.vcxproj", "{E37C1E1E-98BA-3200-85F9-E64AA2DB0C70}"
	ProjectSection(ProjectDependencies) = postProject
		{075E11E5-A07C-30BA-A3BB-59790D716FBF} = {075E11E5-A07C-30BA-A3BB-59790D716FBF}
	EndProjectSection
EndProject
Project("{8BC9CEB8-8B4A-11D0-8D11-00A0C91BC942}") = "IexMath", "IlmBase\IexMath\IexMath.vcxproj", "{AFD82F04-8EF8-391C-9A1D-D2C06ABA6A48}"
	ProjectSection(ProjectDependencies) = postProject
		{E37C1E1E-98BA-3200-85F9-E64AA2DB0C70} = {E37C1E1E-98BA-3200-85F9-E64AA2DB0C70}
		{075E11E5-A07C-30BA-A3BB-59790D716FBF} = {075E11E5-A07C-30BA-A3BB-59790D716FBF}
	EndProjectSection
EndProject
Project("{8BC9CEB8-8B4A-11D0-8D11-00A0C91BC942}") = "IlmImf", "OpenEXR\IlmImf\IlmImf.vcxproj", "{AE02E207-C9B1-3083-939E-CFB3D905EF59}"
	ProjectSection(ProjectDependencies) = postProject
		{63F3DAF9-E985-33C2-892F-13D0FAF107C4} = {63F3DAF9-E985-33C2-892F-13D0FAF107C4}
		{E37C1E1E-98BA-3200-85F9-E64AA2DB0C70} = {E37C1E1E-98BA-3200-85F9-E64AA2DB0C70}
		{CB9FAC68-F837-3C08-9042-32DCBA50EFEC} = {CB9FAC68-F837-3C08-9042-32DCBA50EFEC}
		{E6BEC0DC-0B41-3606-B2C6-405188BEE6A0} = {E6BEC0DC-0B41-3606-B2C6-405188BEE6A0}
		{075E11E5-A07C-30BA-A3BB-59790D716FBF} = {075E11E5-A07C-30BA-A3BB-59790D716FBF}
		{A902AB9C-33DF-34AA-9926-EAC8239B4D6B} = {A902AB9C-33DF-34AA-9926-EAC8239B4D6B}
		{F86C3A09-320B-3902-9681-0C9277BC39BD} = {F86C3A09-320B-3902-9681-0C9277BC39BD}
		{C69570F1-B93A-3602-B612-BEE45EBD0549} = {C69570F1-B93A-3602-B612-BEE45EBD0549}
	EndProjectSection
EndProject
Project("{8BC9CEB8-8B4A-11D0-8D11-00A0C91BC942}") = "IlmThread", "IlmBase\IlmThread\IlmThread.vcxproj", "{CB9FAC68-F837-3C08-9042-32DCBA50EFEC}"
	ProjectSection(ProjectDependencies) = postProject
		{E37C1E1E-98BA-3200-85F9-E64AA2DB0C70} = {E37C1E1E-98BA-3200-85F9-E64AA2DB0C70}
		{075E11E5-A07C-30BA-A3BB-59790D716FBF} = {075E11E5-A07C-30BA-A3BB-59790D716FBF}
	EndProjectSection
EndProject
Project("{8BC9CEB8-8B4A-11D0-8D11-00A0C91BC942}") = "Imath", "IlmBase\Imath\Imath.vcxproj", "{E6BEC0DC-0B41-3606-B2C6-405188BEE6A0}"
	ProjectSection(ProjectDependencies) = postProject
		{E37C1E1E-98BA-3200-85F9-E64AA2DB0C70} = {E37C1E1E-98BA-3200-85F9-E64AA2DB0C70}
		{075E11E5-A07C-30BA-A3BB-59790D716FBF} = {075E11E5-A07C-30BA-A3BB-59790D716FBF}
	EndProjectSection
EndProject
Project("{8BC9CEB8-8B4A-11D0-8D11-00A0C91BC942}") = "PACKAGE", "PACKAGE.vcxproj", "{58483EC3-A8E4-3482-A3B0-7F20E3219030}"
	ProjectSection(ProjectDependencies) = postProject
		{238D6325-0B28-3AE0-9429-5D14AD4E27D5} = {238D6325-0B28-3AE0-9429-5D14AD4E27D5}
		{075E11E5-A07C-30BA-A3BB-59790D716FBF} = {075E11E5-A07C-30BA-A3BB-59790D716FBF}
	EndProjectSection
EndProject
Project("{8BC9CEB8-8B4A-11D0-8D11-00A0C91BC942}") = "RUN_TESTS", "RUN_TESTS.vcxproj", "{17316257-3CBC-3CF0-87FA-EC718041DBD8}"
	ProjectSection(ProjectDependencies) = postProject
		{075E11E5-A07C-30BA-A3BB-59790D716FBF} = {075E11E5-A07C-30BA-A3BB-59790D716FBF}
	EndProjectSection
EndProject
Project("{8BC9CEB8-8B4A-11D0-8D11-00A0C91BC942}") = "ZERO_CHECK", "..\..\..\\ZERO_CHECK.vcxproj", "{075E11E5-A07C-30BA-A3BB-59790D716FBF}"
	ProjectSection(ProjectDependencies) = postProject
	EndProjectSection
EndProject
Project("{8BC9CEB8-8B4A-11D0-8D11-00A0C91BC942}") = "b44ExpLogTable", "OpenEXR\IlmImf\b44ExpLogTable.vcxproj", "{A902AB9C-33DF-34AA-9926-EAC8239B4D6B}"
	ProjectSection(ProjectDependencies) = postProject
		{A8EBBA9E-59FF-3354-BD44-8877B8B1D7A7} = {A8EBBA9E-59FF-3354-BD44-8877B8B1D7A7}
		{63F3DAF9-E985-33C2-892F-13D0FAF107C4} = {63F3DAF9-E985-33C2-892F-13D0FAF107C4}
		{E37C1E1E-98BA-3200-85F9-E64AA2DB0C70} = {E37C1E1E-98BA-3200-85F9-E64AA2DB0C70}
		{CB9FAC68-F837-3C08-9042-32DCBA50EFEC} = {CB9FAC68-F837-3C08-9042-32DCBA50EFEC}
		{075E11E5-A07C-30BA-A3BB-59790D716FBF} = {075E11E5-A07C-30BA-A3BB-59790D716FBF}
	EndProjectSection
EndProject
Project("{8BC9CEB8-8B4A-11D0-8D11-00A0C91BC942}") = "dwaLookups", "OpenEXR\IlmImf\dwaLookups.vcxproj", "{F86C3A09-320B-3902-9681-0C9277BC39BD}"
	ProjectSection(ProjectDependencies) = postProject
		{A8EBBA9E-59FF-3354-BD44-8877B8B1D7A7} = {A8EBBA9E-59FF-3354-BD44-8877B8B1D7A7}
		{63F3DAF9-E985-33C2-892F-13D0FAF107C4} = {63F3DAF9-E985-33C2-892F-13D0FAF107C4}
		{E37C1E1E-98BA-3200-85F9-E64AA2DB0C70} = {E37C1E1E-98BA-3200-85F9-E64AA2DB0C70}
		{CB9FAC68-F837-3C08-9042-32DCBA50EFEC} = {CB9FAC68-F837-3C08-9042-32DCBA50EFEC}
		{075E11E5-A07C-30BA-A3BB-59790D716FBF} = {075E11E5-A07C-30BA-A3BB-59790D716FBF}
	EndProjectSection
EndProject
Project("{8BC9CEB8-8B4A-11D0-8D11-00A0C91BC942}") = "eLut", "IlmBase\Half\eLut.vcxproj", "{9B67D85F-54A0-3BD7-8251-0DC1DDB86C97}"
	ProjectSection(ProjectDependencies) = postProject
		{075E11E5-A07C-30BA-A3BB-59790D716FBF} = {075E11E5-A07C-30BA-A3BB-59790D716FBF}
	EndProjectSection
EndProject
Project("{8BC9CEB8-8B4A-11D0-8D11-00A0C91BC942}") = "toFloat", "IlmBase\Half\toFloat.vcxproj", "{38805493-2594-3E34-A601-3D214C4480D4}"
	ProjectSection(ProjectDependencies) = postProject
		{075E11E5-A07C-30BA-A3BB-59790D716FBF} = {075E11E5-A07C-30BA-A3BB-59790D716FBF}
	EndProjectSection
EndProject
Project("{8BC9CEB8-8B4A-11D0-8D11-00A0C91BC942}") = "zlibstatic", "..\zlib\zlibstatic.vcxproj", "{C69570F1-B93A-3602-B612-BEE45EBD0549}"
	ProjectSection(ProjectDependencies) = postProject
		{075E11E5-A07C-30BA-A3BB-59790D716FBF} = {075E11E5-A07C-30BA-A3BB-59790D716FBF}
	EndProjectSection
EndProject
Global
	GlobalSection(SolutionConfigurationPlatforms) = preSolution
		Debug|x64 = Debug|x64
		Release|x64 = Release|x64
		MinSizeRel|x64 = MinSizeRel|x64
		RelWithDebInfo|x64 = RelWithDebInfo|x64
	EndGlobalSection
	GlobalSection(ProjectConfigurationPlatforms) = postSolution
		{238D6325-0B28-3AE0-9429-5D14AD4E27D5}.Debug|x64.ActiveCfg = Debug|x64
		{238D6325-0B28-3AE0-9429-5D14AD4E27D5}.Debug|x64.Build.0 = Debug|x64
		{238D6325-0B28-3AE0-9429-5D14AD4E27D5}.Release|x64.ActiveCfg = Release|x64
		{238D6325-0B28-3AE0-9429-5D14AD4E27D5}.Release|x64.Build.0 = Release|x64
		{238D6325-0B28-3AE0-9429-5D14AD4E27D5}.MinSizeRel|x64.ActiveCfg = MinSizeRel|x64
		{238D6325-0B28-3AE0-9429-5D14AD4E27D5}.MinSizeRel|x64.Build.0 = MinSizeRel|x64
		{238D6325-0B28-3AE0-9429-5D14AD4E27D5}.RelWithDebInfo|x64.ActiveCfg = RelWithDebInfo|x64
		{238D6325-0B28-3AE0-9429-5D14AD4E27D5}.RelWithDebInfo|x64.Build.0 = RelWithDebInfo|x64
		{A8EBBA9E-59FF-3354-BD44-8877B8B1D7A7}.Debug|x64.ActiveCfg = Debug|x64
		{A8EBBA9E-59FF-3354-BD44-8877B8B1D7A7}.Debug|x64.Build.0 = Debug|x64
		{A8EBBA9E-59FF-3354-BD44-8877B8B1D7A7}.Release|x64.ActiveCfg = Release|x64
		{A8EBBA9E-59FF-3354-BD44-8877B8B1D7A7}.Release|x64.Build.0 = Release|x64
		{A8EBBA9E-59FF-3354-BD44-8877B8B1D7A7}.MinSizeRel|x64.ActiveCfg = MinSizeRel|x64
		{A8EBBA9E-59FF-3354-BD44-8877B8B1D7A7}.MinSizeRel|x64.Build.0 = MinSizeRel|x64
		{A8EBBA9E-59FF-3354-BD44-8877B8B1D7A7}.RelWithDebInfo|x64.ActiveCfg = RelWithDebInfo|x64
		{A8EBBA9E-59FF-3354-BD44-8877B8B1D7A7}.RelWithDebInfo|x64.Build.0 = RelWithDebInfo|x64
		{63F3DAF9-E985-33C2-892F-13D0FAF107C4}.Debug|x64.ActiveCfg = Debug|x64
		{63F3DAF9-E985-33C2-892F-13D0FAF107C4}.Debug|x64.Build.0 = Debug|x64
		{63F3DAF9-E985-33C2-892F-13D0FAF107C4}.Release|x64.ActiveCfg = Release|x64
		{63F3DAF9-E985-33C2-892F-13D0FAF107C4}.Release|x64.Build.0 = Release|x64
		{63F3DAF9-E985-33C2-892F-13D0FAF107C4}.MinSizeRel|x64.ActiveCfg = MinSizeRel|x64
		{63F3DAF9-E985-33C2-892F-13D0FAF107C4}.MinSizeRel|x64.Build.0 = MinSizeRel|x64
		{63F3DAF9-E985-33C2-892F-13D0FAF107C4}.RelWithDebInfo|x64.ActiveCfg = RelWithDebInfo|x64
		{63F3DAF9-E985-33C2-892F-13D0FAF107C4}.RelWithDebInfo|x64.Build.0 = RelWithDebInfo|x64
		{AEA23653-140D-3CAD-AD1D-6981E5EBA55C}.Debug|x64.ActiveCfg = Debug|x64
		{AEA23653-140D-3CAD-AD1D-6981E5EBA55C}.Release|x64.ActiveCfg = Release|x64
		{AEA23653-140D-3CAD-AD1D-6981E5EBA55C}.MinSizeRel|x64.ActiveCfg = MinSizeRel|x64
		{AEA23653-140D-3CAD-AD1D-6981E5EBA55C}.RelWithDebInfo|x64.ActiveCfg = RelWithDebInfo|x64
		{E37C1E1E-98BA-3200-85F9-E64AA2DB0C70}.Debug|x64.ActiveCfg = Debug|x64
		{E37C1E1E-98BA-3200-85F9-E64AA2DB0C70}.Debug|x64.Build.0 = Debug|x64
		{E37C1E1E-98BA-3200-85F9-E64AA2DB0C70}.Release|x64.ActiveCfg = Release|x64
		{E37C1E1E-98BA-3200-85F9-E64AA2DB0C70}.Release|x64.Build.0 = Release|x64
		{E37C1E1E-98BA-3200-85F9-E64AA2DB0C70}.MinSizeRel|x64.ActiveCfg = MinSizeRel|x64
		{E37C1E1E-98BA-3200-85F9-E64AA2DB0C70}.MinSizeRel|x64.Build.0 = MinSizeRel|x64
		{E37C1E1E-98BA-3200-85F9-E64AA2DB0C70}.RelWithDebInfo|x64.ActiveCfg = RelWithDebInfo|x64
		{E37C1E1E-98BA-3200-85F9-E64AA2DB0C70}.RelWithDebInfo|x64.Build.0 = RelWithDebInfo|x64
		{AFD82F04-8EF8-391C-9A1D-D2C06ABA6A48}.Debug|x64.ActiveCfg = Debug|x64
		{AFD82F04-8EF8-391C-9A1D-D2C06ABA6A48}.Debug|x64.Build.0 = Debug|x64
		{AFD82F04-8EF8-391C-9A1D-D2C06ABA6A48}.Release|x64.ActiveCfg = Release|x64
		{AFD82F04-8EF8-391C-9A1D-D2C06ABA6A48}.Release|x64.Build.0 = Release|x64
		{AFD82F04-8EF8-391C-9A1D-D2C06ABA6A48}.MinSizeRel|x64.ActiveCfg = MinSizeRel|x64
		{AFD82F04-8EF8-391C-9A1D-D2C06ABA6A48}.MinSizeRel|x64.Build.0 = MinSizeRel|x64
		{AFD82F04-8EF8-391C-9A1D-D2C06ABA6A48}.RelWithDebInfo|x64.ActiveCfg = RelWithDebInfo|x64
		{AFD82F04-8EF8-391C-9A1D-D2C06ABA6A48}.RelWithDebInfo|x64.Build.0 = RelWithDebInfo|x64
		{AE02E207-C9B1-3083-939E-CFB3D905EF59}.Debug|x64.ActiveCfg = Debug|x64
		{AE02E207-C9B1-3083-939E-CFB3D905EF59}.Debug|x64.Build.0 = Debug|x64
		{AE02E207-C9B1-3083-939E-CFB3D905EF59}.Release|x64.ActiveCfg = Release|x64
		{AE02E207-C9B1-3083-939E-CFB3D905EF59}.Release|x64.Build.0 = Release|x64
		{AE02E207-C9B1-3083-939E-CFB3D905EF59}.MinSizeRel|x64.ActiveCfg = MinSizeRel|x64
		{AE02E207-C9B1-3083-939E-CFB3D905EF59}.MinSizeRel|x64.Build.0 = MinSizeRel|x64
		{AE02E207-C9B1-3083-939E-CFB3D905EF59}.RelWithDebInfo|x64.ActiveCfg = RelWithDebInfo|x64
		{AE02E207-C9B1-3083-939E-CFB3D905EF59}.RelWithDebInfo|x64.Build.0 = RelWithDebInfo|x64
		{CB9FAC68-F837-3C08-9042-32DCBA50EFEC}.Debug|x64.ActiveCfg = Debug|x64
		{CB9FAC68-F837-3C08-9042-32DCBA50EFEC}.Debug|x64.Build.0 = Debug|x64
		{CB9FAC68-F837-3C08-9042-32DCBA50EFEC}.Release|x64.ActiveCfg = Release|x64
		{CB9FAC68-F837-3C08-9042-32DCBA50EFEC}.Release|x64.Build.0 = Release|x64
		{CB9FAC68-F837-3C08-9042-32DCBA50EFEC}.MinSizeRel|x64.ActiveCfg = MinSizeRel|x64
		{CB9FAC68-F837-3C08-9042-32DCBA50EFEC}.MinSizeRel|x64.Build.0 = MinSizeRel|x64
		{CB9FAC68-F837-3C08-9042-32DCBA50EFEC}.RelWithDebInfo|x64.ActiveCfg = RelWithDebInfo|x64
		{CB9FAC68-F837-3C08-9042-32DCBA50EFEC}.RelWithDebInfo|x64.Build.0 = RelWithDebInfo|x64
		{E6BEC0DC-0B41-3606-B2C6-405188BEE6A0}.Debug|x64.ActiveCfg = Debug|x64
		{E6BEC0DC-0B41-3606-B2C6-405188BEE6A0}.Debug|x64.Build.0 = Debug|x64
		{E6BEC0DC-0B41-3606-B2C6-405188BEE6A0}.Release|x64.ActiveCfg = Release|x64
		{E6BEC0DC-0B41-3606-B2C6-405188BEE6A0}.Release|x64.Build.0 = Release|x64
		{E6BEC0DC-0B41-3606-B2C6-405188BEE6A0}.MinSizeRel|x64.ActiveCfg = MinSizeRel|x64
		{E6BEC0DC-0B41-3606-B2C6-405188BEE6A0}.MinSizeRel|x64.Build.0 = MinSizeRel|x64
		{E6BEC0DC-0B41-3606-B2C6-405188BEE6A0}.RelWithDebInfo|x64.ActiveCfg = RelWithDebInfo|x64
		{E6BEC0DC-0B41-3606-B2C6-405188BEE6A0}.RelWithDebInfo|x64.Build.0 = RelWithDebInfo|x64
		{58483EC3-A8E4-3482-A3B0-7F20E3219030}.Debug|x64.ActiveCfg = Debug|x64
		{58483EC3-A8E4-3482-A3B0-7F20E3219030}.Release|x64.ActiveCfg = Release|x64
		{58483EC3-A8E4-3482-A3B0-7F20E3219030}.MinSizeRel|x64.ActiveCfg = MinSizeRel|x64
		{58483EC3-A8E4-3482-A3B0-7F20E3219030}.RelWithDebInfo|x64.ActiveCfg = RelWithDebInfo|x64
		{17316257-3CBC-3CF0-87FA-EC718041DBD8}.Debug|x64.ActiveCfg = Debug|x64
		{17316257-3CBC-3CF0-87FA-EC718041DBD8}.Release|x64.ActiveCfg = Release|x64
		{17316257-3CBC-3CF0-87FA-EC718041DBD8}.MinSizeRel|x64.ActiveCfg = MinSizeRel|x64
		{17316257-3CBC-3CF0-87FA-EC718041DBD8}.RelWithDebInfo|x64.ActiveCfg = RelWithDebInfo|x64
		{075E11E5-A07C-30BA-A3BB-59790D716FBF}.Debug|x64.ActiveCfg = Debug|x64
		{075E11E5-A07C-30BA-A3BB-59790D716FBF}.Debug|x64.Build.0 = Debug|x64
		{075E11E5-A07C-30BA-A3BB-59790D716FBF}.Release|x64.ActiveCfg = Release|x64
		{075E11E5-A07C-30BA-A3BB-59790D716FBF}.Release|x64.Build.0 = Release|x64
		{075E11E5-A07C-30BA-A3BB-59790D716FBF}.MinSizeRel|x64.ActiveCfg = MinSizeRel|x64
		{075E11E5-A07C-30BA-A3BB-59790D716FBF}.MinSizeRel|x64.Build.0 = MinSizeRel|x64
		{075E11E5-A07C-30BA-A3BB-59790D716FBF}.RelWithDebInfo|x64.ActiveCfg = RelWithDebInfo|x64
		{075E11E5-A07C-30BA-A3BB-59790D716FBF}.RelWithDebInfo|x64.Build.0 = RelWithDebInfo|x64
		{A902AB9C-33DF-34AA-9926-EAC8239B4D6B}.Debug|x64.ActiveCfg = Debug|x64
		{A902AB9C-33DF-34AA-9926-EAC8239B4D6B}.Debug|x64.Build.0 = Debug|x64
		{A902AB9C-33DF-34AA-9926-EAC8239B4D6B}.Release|x64.ActiveCfg = Release|x64
		{A902AB9C-33DF-34AA-9926-EAC8239B4D6B}.Release|x64.Build.0 = Release|x64
		{A902AB9C-33DF-34AA-9926-EAC8239B4D6B}.MinSizeRel|x64.ActiveCfg = MinSizeRel|x64
		{A902AB9C-33DF-34AA-9926-EAC8239B4D6B}.MinSizeRel|x64.Build.0 = MinSizeRel|x64
		{A902AB9C-33DF-34AA-9926-EAC8239B4D6B}.RelWithDebInfo|x64.ActiveCfg = RelWithDebInfo|x64
		{A902AB9C-33DF-34AA-9926-EAC8239B4D6B}.RelWithDebInfo|x64.Build.0 = RelWithDebInfo|x64
		{F86C3A09-320B-3902-9681-0C9277BC39BD}.Debug|x64.ActiveCfg = Debug|x64
		{F86C3A09-320B-3902-9681-0C9277BC39BD}.Debug|x64.Build.0 = Debug|x64
		{F86C3A09-320B-3902-9681-0C9277BC39BD}.Release|x64.ActiveCfg = Release|x64
		{F86C3A09-320B-3902-9681-0C9277BC39BD}.Release|x64.Build.0 = Release|x64
		{F86C3A09-320B-3902-9681-0C9277BC39BD}.MinSizeRel|x64.ActiveCfg = MinSizeRel|x64
		{F86C3A09-320B-3902-9681-0C9277BC39BD}.MinSizeRel|x64.Build.0 = MinSizeRel|x64
		{F86C3A09-320B-3902-9681-0C9277BC39BD}.RelWithDebInfo|x64.ActiveCfg = RelWithDebInfo|x64
		{F86C3A09-320B-3902-9681-0C9277BC39BD}.RelWithDebInfo|x64.Build.0 = RelWithDebInfo|x64
		{9B67D85F-54A0-3BD7-8251-0DC1DDB86C97}.Debug|x64.ActiveCfg = Debug|x64
		{9B67D85F-54A0-3BD7-8251-0DC1DDB86C97}.Debug|x64.Build.0 = Debug|x64
		{9B67D85F-54A0-3BD7-8251-0DC1DDB86C97}.Release|x64.ActiveCfg = Release|x64
		{9B67D85F-54A0-3BD7-8251-0DC1DDB86C97}.Release|x64.Build.0 = Release|x64
		{9B67D85F-54A0-3BD7-8251-0DC1DDB86C97}.MinSizeRel|x64.ActiveCfg = MinSizeRel|x64
		{9B67D85F-54A0-3BD7-8251-0DC1DDB86C97}.MinSizeRel|x64.Build.0 = MinSizeRel|x64
		{9B67D85F-54A0-3BD7-8251-0DC1DDB86C97}.RelWithDebInfo|x64.ActiveCfg = RelWithDebInfo|x64
		{9B67D85F-54A0-3BD7-8251-0DC1DDB86C97}.RelWithDebInfo|x64.Build.0 = RelWithDebInfo|x64
		{38805493-2594-3E34-A601-3D214C4480D4}.Debug|x64.ActiveCfg = Debug|x64
		{38805493-2594-3E34-A601-3D214C4480D4}.Debug|x64.Build.0 = Debug|x64
		{38805493-2594-3E34-A601-3D214C4480D4}.Release|x64.ActiveCfg = Release|x64
		{38805493-2594-3E34-A601-3D214C4480D4}.Release|x64.Build.0 = Release|x64
		{38805493-2594-3E34-A601-3D214C4480D4}.MinSizeRel|x64.ActiveCfg = MinSizeRel|x64
		{38805493-2594-3E34-A601-3D214C4480D4}.MinSizeRel|x64.Build.0 = MinSizeRel|x64
		{38805493-2594-3E34-A601-3D214C4480D4}.RelWithDebInfo|x64.ActiveCfg = RelWithDebInfo|x64
		{38805493-2594-3E34-A601-3D214C4480D4}.RelWithDebInfo|x64.Build.0 = RelWithDebInfo|x64
		{C69570F1-B93A-3602-B612-BEE45EBD0549}.Debug|x64.ActiveCfg = Debug|x64
		{C69570F1-B93A-3602-B612-BEE45EBD0549}.Debug|x64.Build.0 = Debug|x64
		{C69570F1-B93A-3602-B612-BEE45EBD0549}.Release|x64.ActiveCfg = Release|x64
		{C69570F1-B93A-3602-B612-BEE45EBD0549}.Release|x64.Build.0 = Release|x64
		{C69570F1-B93A-3602-B612-BEE45EBD0549}.MinSizeRel|x64.ActiveCfg = MinSizeRel|x64
		{C69570F1-B93A-3602-B612-BEE45EBD0549}.MinSizeRel|x64.Build.0 = MinSizeRel|x64
		{C69570F1-B93A-3602-B612-BEE45EBD0549}.RelWithDebInfo|x64.ActiveCfg = RelWithDebInfo|x64
		{C69570F1-B93A-3602-B612-BEE45EBD0549}.RelWithDebInfo|x64.Build.0 = RelWithDebInfo|x64
	EndGlobalSection
	GlobalSection(ExtensibilityGlobals) = postSolution
		SolutionGuid = {3A28C0BF-4674-3407-8D3D-E2797EF73923}
	EndGlobalSection
	GlobalSection(ExtensibilityAddIns) = postSolution
	EndGlobalSection
EndGlobal
